
Microsoft Visual Studio Solution File, Format Version 12.00
# Visual Studio Version 17
VisualStudioVersion = 17.13.35931.197
MinimumVisualStudioVersion = 10.0.40219.1
Project("{2150E333-8FDC-42A3-9474-1A3956D46DE8}") = "Libs", "Libs", "{02EA681E-C7D8-13C7-8484-4AC65E1B71E8}"
EndProject
Project("{FAE04EC0-301F-11D3-BF4B-00C04F79EFBC}") = "Core.Api", "..\..\Library\Core.Api\Core.Api.csproj", "{2BCDFA39-15B0-CC66-879E-F41CB1CD462B}"
EndProject
Project("{FAE04EC0-301F-11D3-BF4B-00C04F79EFBC}") = "Core.Consumer", "..\..\Library\Core.Consumer\Core.Consumer.csproj", "{C7BF6882-C0B5-9EB4-7915-0B9C6D109150}"
EndProject
Project("{FAE04EC0-301F-11D3-BF4B-00C04F79EFBC}") = "Core.CrossCutting", "..\..\Library\Core.CrossCutting\Core.CrossCutting.csproj", "{0385B853-F8A6-948B-95F7-B4333125E8DB}"
EndProject
Project("{FAE04EC0-301F-11D3-BF4B-00C04F79EFBC}") = "Core.Data", "..\..\Library\Core.Data\Core.Data.csproj", "{6FA1F7FD-CD0A-8DB3-5CEB-ADA35C92E1A4}"
EndProject
Project("{FAE04EC0-301F-11D3-BF4B-00C04F79EFBC}") = "Core.Events", "..\..\Library\Core.Events\Core.Events.csproj", "{8A4F110E-8FD0-5A97-9DFF-D9DAEB62B0F6}"
EndProject
Project("{FAE04EC0-301F-11D3-BF4B-00C04F79EFBC}") = "Core.Interfaces", "..\..\Library\Core.Interfaces\Core.Interfaces.csproj", "{57839C26-503F-E97F-D48F-5AD9F28C4ACA}"
EndProject
Project("{FAE04EC0-301F-11D3-BF4B-00C04F79EFBC}") = "Core.Models", "..\..\Library\Core.Models\Core.Models.csproj", "{10B8600F-C811-70A3-4FAB-1DA8A8CAC334}"
EndProject
Project("{FAE04EC0-301F-11D3-BF4B-00C04F79EFBC}") = "Core.Services", "..\..\Library\Core.Services\Core.Services.csproj", "{F97CD248-FD48-2765-F6F7-983E4990974E}"
EndProject
Project("{FAE04EC0-301F-11D3-BF4B-00C04F79EFBC}") = "Core.Types", "..\..\Library\Core.Types\Core.Types.csproj", "{6ECC09C5-AD36-93F2-43FD-F6796E946EC6}"
EndProject
Project("{FAE04EC0-301F-11D3-BF4B-00C04F79EFBC}") = "Test.Types", "..\..\Library\Test.Types\Test.Types.csproj", "{E43EFBF5-5E86-061B-47BD-8438E9944965}"
EndProject
Project("{2150E333-8FDC-42A3-9474-1A3956D46DE8}") = "Itens de Solução", "Itens de Solução", "{380A7511-A354-6D7A-0CC0-8FA1F1BA7B6C}"
EndProject
Project("{FAE04EC0-301F-11D3-BF4B-00C04F79EFBC}") = "ISO.Travel.Api", "ISO.Travel.Api\ISO.Travel.Api.csproj", "{9511D397-C943-8238-6FB7-E1D4E4971BF2}"
EndProject
Project("{FAE04EC0-301F-11D3-BF4B-00C04F79EFBC}") = "ISO.Travel.AppHost", "ISO.Travel.AppHost\ISO.Travel.AppHost.csproj", "{DDCB7C50-EDC8-45E7-B63E-E2FDF0E1FF2B}"
EndProject
Project("{FAE04EC0-301F-11D3-BF4B-00C04F79EFBC}") = "ISO.Travel.ServiceDefaults", "ISO.Travel.ServiceDefaults\ISO.Travel.ServiceDefaults.csproj", "{20356E9B-7FCA-7964-9538-83F0C5F41FE4}"
EndProject
Project("{E53339B2-1760-4266-BCC7-CA923CBCF16C}") = "docker-compose", "docker-compose.dcproj", "{81DDED9D-158B-E303-5F62-77A2896D2A5A}"
EndProject
Global
	GlobalSection(SolutionConfigurationPlatforms) = preSolution
		Debug|Any CPU = Debug|Any CPU
		Release|Any CPU = Release|Any CPU
	EndGlobalSection
	GlobalSection(ProjectConfigurationPlatforms) = postSolution
		{2BCDFA39-15B0-CC66-879E-F41CB1CD462B}.Debug|Any CPU.ActiveCfg = Debug|Any CPU
		{2BCDFA39-15B0-CC66-879E-F41CB1CD462B}.Debug|Any CPU.Build.0 = Debug|Any CPU
		{2BCDFA39-15B0-CC66-879E-F41CB1CD462B}.Release|Any CPU.ActiveCfg = Release|Any CPU
		{2BCDFA39-15B0-CC66-879E-F41CB1CD462B}.Release|Any CPU.Build.0 = Release|Any CPU
		{C7BF6882-C0B5-9EB4-7915-0B9C6D109150}.Debug|Any CPU.ActiveCfg = Debug|Any CPU
		{C7BF6882-C0B5-9EB4-7915-0B9C6D109150}.Debug|Any CPU.Build.0 = Debug|Any CPU
		{C7BF6882-C0B5-9EB4-7915-0B9C6D109150}.Release|Any CPU.ActiveCfg = Release|Any CPU
		{C7BF6882-C0B5-9EB4-7915-0B9C6D109150}.Release|Any CPU.Build.0 = Release|Any CPU
		{0385B853-F8A6-948B-95F7-B4333125E8DB}.Debug|Any CPU.ActiveCfg = Debug|Any CPU
		{0385B853-F8A6-948B-95F7-B4333125E8DB}.Debug|Any CPU.Build.0 = Debug|Any CPU
		{0385B853-F8A6-948B-95F7-B4333125E8DB}.Release|Any CPU.ActiveCfg = Release|Any CPU
		{0385B853-F8A6-948B-95F7-B4333125E8DB}.Release|Any CPU.Build.0 = Release|Any CPU
		{6FA1F7FD-CD0A-8DB3-5CEB-ADA35C92E1A4}.Debug|Any CPU.ActiveCfg = Debug|Any CPU
		{6FA1F7FD-CD0A-8DB3-5CEB-ADA35C92E1A4}.Debug|Any CPU.Build.0 = Debug|Any CPU
		{6FA1F7FD-CD0A-8DB3-5CEB-ADA35C92E1A4}.Release|Any CPU.ActiveCfg = Release|Any CPU
		{6FA1F7FD-CD0A-8DB3-5CEB-ADA35C92E1A4}.Release|Any CPU.Build.0 = Release|Any CPU
		{8A4F110E-8FD0-5A97-9DFF-D9DAEB62B0F6}.Debug|Any CPU.ActiveCfg = Debug|Any CPU
		{8A4F110E-8FD0-5A97-9DFF-D9DAEB62B0F6}.Debug|Any CPU.Build.0 = Debug|Any CPU
		{8A4F110E-8FD0-5A97-9DFF-D9DAEB62B0F6}.Release|Any CPU.ActiveCfg = Release|Any CPU
		{8A4F110E-8FD0-5A97-9DFF-D9DAEB62B0F6}.Release|Any CPU.Build.0 = Release|Any CPU
		{57839C26-503F-E97F-D48F-5AD9F28C4ACA}.Debug|Any CPU.ActiveCfg = Debug|Any CPU
		{57839C26-503F-E97F-D48F-5AD9F28C4ACA}.Debug|Any CPU.Build.0 = Debug|Any CPU
		{57839C26-503F-E97F-D48F-5AD9F28C4ACA}.Release|Any CPU.ActiveCfg = Release|Any CPU
		{57839C26-503F-E97F-D48F-5AD9F28C4ACA}.Release|Any CPU.Build.0 = Release|Any CPU
		{10B8600F-C811-70A3-4FAB-1DA8A8CAC334}.Debug|Any CPU.ActiveCfg = Debug|Any CPU
		{10B8600F-C811-70A3-4FAB-1DA8A8CAC334}.Debug|Any CPU.Build.0 = Debug|Any CPU
		{10B8600F-C811-70A3-4FAB-1DA8A8CAC334}.Release|Any CPU.ActiveCfg = Release|Any CPU
		{10B8600F-C811-70A3-4FAB-1DA8A8CAC334}.Release|Any CPU.Build.0 = Release|Any CPU
		{F97CD248-FD48-2765-F6F7-983E4990974E}.Debug|Any CPU.ActiveCfg = Debug|Any CPU
		{F97CD248-FD48-2765-F6F7-983E4990974E}.Debug|Any CPU.Build.0 = Debug|Any CPU
		{F97CD248-FD48-2765-F6F7-983E4990974E}.Release|Any CPU.ActiveCfg = Release|Any CPU
		{F97CD248-FD48-2765-F6F7-983E4990974E}.Release|Any CPU.Build.0 = Release|Any CPU
		{6ECC09C5-AD36-93F2-43FD-F6796E946EC6}.Debug|Any CPU.ActiveCfg = Debug|Any CPU
		{6ECC09C5-AD36-93F2-43FD-F6796E946EC6}.Debug|Any CPU.Build.0 = Debug|Any CPU
		{6ECC09C5-AD36-93F2-43FD-F6796E946EC6}.Release|Any CPU.ActiveCfg = Release|Any CPU
		{6ECC09C5-AD36-93F2-43FD-F6796E946EC6}.Release|Any CPU.Build.0 = Release|Any CPU
		{E43EFBF5-5E86-061B-47BD-8438E9944965}.Debug|Any CPU.ActiveCfg = Debug|Any CPU
		{E43EFBF5-5E86-061B-47BD-8438E9944965}.Debug|Any CPU.Build.0 = Debug|Any CPU
		{E43EFBF5-5E86-061B-47BD-8438E9944965}.Release|Any CPU.ActiveCfg = Release|Any CPU
		{E43EFBF5-5E86-061B-47BD-8438E9944965}.Release|Any CPU.Build.0 = Release|Any CPU
		{9511D397-C943-8238-6FB7-E1D4E4971BF2}.Debug|Any CPU.ActiveCfg = Debug|Any CPU
		{9511D397-C943-8238-6FB7-E1D4E4971BF2}.Debug|Any CPU.Build.0 = Debug|Any CPU
		{9511D397-C943-8238-6FB7-E1D4E4971BF2}.Release|Any CPU.ActiveCfg = Release|Any CPU
		{9511D397-C943-8238-6FB7-E1D4E4971BF2}.Release|Any CPU.Build.0 = Release|Any CPU
		{DDCB7C50-EDC8-45E7-B63E-E2FDF0E1FF2B}.Debug|Any CPU.ActiveCfg = Debug|Any CPU
		{DDCB7C50-EDC8-45E7-B63E-E2FDF0E1FF2B}.Debug|Any CPU.Build.0 = Debug|Any CPU
		{DDCB7C50-EDC8-45E7-B63E-E2FDF0E1FF2B}.Release|Any CPU.ActiveCfg = Release|Any CPU
		{DDCB7C50-EDC8-45E7-B63E-E2FDF0E1FF2B}.Release|Any CPU.Build.0 = Release|Any CPU
		{20356E9B-7FCA-7964-9538-83F0C5F41FE4}.Debug|Any CPU.ActiveCfg = Debug|Any CPU
		{20356E9B-7FCA-7964-9538-83F0C5F41FE4}.Debug|Any CPU.Build.0 = Debug|Any CPU
		{20356E9B-7FCA-7964-9538-83F0C5F41FE4}.Release|Any CPU.ActiveCfg = Release|Any CPU
		{20356E9B-7FCA-7964-9538-83F0C5F41FE4}.Release|Any CPU.Build.0 = Release|Any CPU
		{81DDED9D-158B-E303-5F62-77A2896D2A5A}.Debug|Any CPU.ActiveCfg = Debug|Any CPU
		{81DDED9D-158B-E303-5F62-77A2896D2A5A}.Debug|Any CPU.Build.0 = Debug|Any CPU
		{81DDED9D-158B-E303-5F62-77A2896D2A5A}.Release|Any CPU.ActiveCfg = Release|Any CPU
		{81DDED9D-158B-E303-5F62-77A2896D2A5A}.Release|Any CPU.Build.0 = Release|Any CPU
	EndGlobalSection
	GlobalSection(SolutionProperties) = preSolution
		HideSolutionNode = FALSE
	EndGlobalSection
	GlobalSection(NestedProjects) = preSolution
		{2BCDFA39-15B0-CC66-879E-F41CB1CD462B} = {02EA681E-C7D8-13C7-8484-4AC65E1B71E8}
		{C7BF6882-C0B5-9EB4-7915-0B9C6D109150} = {02EA681E-C7D8-13C7-8484-4AC65E1B71E8}
		{0385B853-F8A6-948B-95F7-B4333125E8DB} = {02EA681E-C7D8-13C7-8484-4AC65E1B71E8}
		{6FA1F7FD-CD0A-8DB3-5CEB-ADA35C92E1A4} = {02EA681E-C7D8-13C7-8484-4AC65E1B71E8}
		{8A4F110E-8FD0-5A97-9DFF-D9DAEB62B0F6} = {02EA681E-C7D8-13C7-8484-4AC65E1B71E8}
		{57839C26-503F-E97F-D48F-5AD9F28C4ACA} = {02EA681E-C7D8-13C7-8484-4AC65E1B71E8}
		{10B8600F-C811-70A3-4FAB-1DA8A8CAC334} = {02EA681E-C7D8-13C7-8484-4AC65E1B71E8}
		{F97CD248-FD48-2765-F6F7-983E4990974E} = {02EA681E-C7D8-13C7-8484-4AC65E1B71E8}
		{6ECC09C5-AD36-93F2-43FD-F6796E946EC6} = {02EA681E-C7D8-13C7-8484-4AC65E1B71E8}
		{E43EFBF5-5E86-061B-47BD-8438E9944965} = {02EA681E-C7D8-13C7-8484-4AC65E1B71E8}
	EndGlobalSection
	GlobalSection(ExtensibilityGlobals) = postSolution
		        SolutionGuid = {EB4D4A69-F98C-436C-B4A4-32140AD6EB6F}
	EndGlobalSection
EndGlobal
